
Microsoft Visual Studio Solution File, Format Version 12.00
# Visual Studio 15
VisualStudioVersion = 15.0.27130.2010
MinimumVisualStudioVersion = 10.0.40219.1
Project("{FAE04EC0-301F-11D3-BF4B-00C04F79EFBC}") = "GridViewOnSteroids", "GridViewOnSteroids\GridViewOnSteroids.csproj", "{66BEE422-8932-477C-8585-D8937F5DF731}"
EndProject
Global
	GlobalSection(SolutionConfigurationPlatforms) = preSolution
		Debug|Any CPU = Debug|Any CPU
		Release|Any CPU = Release|Any CPU
	EndGlobalSection
	GlobalSection(ProjectConfigurationPlatforms) = postSolution
		{66BEE422-8932-477C-8585-D8937F5DF731}.Debug|Any CPU.ActiveCfg = Debug|Any CPU
		{66BEE422-8932-477C-8585-D8937F5DF731}.Debug|Any CPU.Build.0 = Debug|Any CPU
		{66BEE422-8932-477C-8585-D8937F5DF731}.Release|Any CPU.ActiveCfg = Release|Any CPU
		{66BEE422-8932-477C-8585-D8937F5DF731}.Release|Any CPU.Build.0 = Release|Any CPU
	EndGlobalSection
	GlobalSection(SolutionProperties) = preSolution
		HideSolutionNode = FALSE
	EndGlobalSection
	GlobalSection(ExtensibilityGlobals) = postSolution
		SolutionGuid = {FB685C5D-C54D-42E7-A8AB-89F08397A1A7}
	EndGlobalSection
EndGlobal
